
Microsoft Visual Studio Solution File, Format Version 12.00
# Visual Studio 15
VisualStudioVersion = 15.0.26730.16
MinimumVisualStudioVersion = 10.0.40219.1
Project("{FAE04EC0-301F-11D3-BF4B-00C04F79EFBC}") = "guandao", "guandao.csproj", "{B176CEE8-14BE-4722-B25D-28164336F512}"
EndProject
Global
	GlobalSection(SolutionConfigurationPlatforms) = preSolution
		Debug|Any CPU = Debug|Any CPU
		Release|Any CPU = Release|Any CPU
	EndGlobalSection
	GlobalSection(ProjectConfigurationPlatforms) = postSolution
		{B176CEE8-14BE-4722-B25D-28164336F512}.Debug|Any CPU.ActiveCfg = Debug|Any CPU
		{B176CEE8-14BE-4722-B25D-28164336F512}.Debug|Any CPU.Build.0 = Debug|Any CPU
		{B176CEE8-14BE-4722-B25D-28164336F512}.Release|Any CPU.ActiveCfg = Release|Any CPU
		{B176CEE8-14BE-4722-B25D-28164336F512}.Release|Any CPU.Build.0 = Release|Any CPU
	EndGlobalSection
	GlobalSection(SolutionProperties) = preSolution
		HideSolutionNode = FALSE
	EndGlobalSection
	GlobalSection(ExtensibilityGlobals) = postSolution
		SolutionGuid = {6C05C7C9-B63F-42F8-BA53-6A3096F301A0}
	EndGlobalSection
EndGlobal
